{
  "name": "esm",
  "lockfileVersion": 3,
  "requires": true,
  "packages": {
    "": {
      "dependencies": {
        "zod": "^4.0.14",
        "zod-to-json-schema": "file://../../dist/esm/"
      }
    },
    "../../dist/cjs": {
      "extraneous": true
    },
    "../../dist/cjs/package.json": {
      "extraneous": true
    },
    "../../dist/esm": {},
    "node_modules/zod": {
      "version": "4.0.14",
      "resolved": "https://registry.npmjs.org/zod/-/zod-4.0.14.tgz",
      "integrity": "sha512-nGFJTnJN6cM2v9kXL+SOBq3AtjQby3Mv5ySGFof5UGRHrRioSJ5iG680cYNjE/yWk671nROcpPj4hAS8nyLhSw==",
      "license": "MIT",
      "funding": {
        "url": "https://github.com/sponsors/colinhacks"
      }
    },
    "node_modules/zod-to-json-schema": {
      "resolved": "../../dist/esm",
      "link": true
    }
  }
}
